
Microsoft Visual Studio Solution File, Format Version 12.00
# Visual Studio Version 17
VisualStudioVersion = 17.3.32929.385
MinimumVisualStudioVersion = 10.0.40219.1
Project("{9A19103F-16F7-4668-BE54-9A1E7A4F7556}") = "Assignment3TestSuite", "Assignment3TestSuite\Assignment3TestSuite.csproj", "{B911E88E-4306-486D-8EA4-7BAE58DFF094}"
EndProject
Project("{FAE04EC0-301F-11D3-BF4B-00C04F79EFBC}") = "citServer", "citServer\citServer.csproj", "{1026C9A1-A5E3-4C49-B6B5-17C7A23E3F80}"
EndProject
Global
	GlobalSection(SolutionConfigurationPlatforms) = preSolution
		Debug|Any CPU = Debug|Any CPU
		Release|Any CPU = Release|Any CPU
	EndGlobalSection
	GlobalSection(ProjectConfigurationPlatforms) = postSolution
		{B911E88E-4306-486D-8EA4-7BAE58DFF094}.Debug|Any CPU.ActiveCfg = Debug|Any CPU
		{B911E88E-4306-486D-8EA4-7BAE58DFF094}.Debug|Any CPU.Build.0 = Debug|Any CPU
		{B911E88E-4306-486D-8EA4-7BAE58DFF094}.Release|Any CPU.ActiveCfg = Release|Any CPU
		{B911E88E-4306-486D-8EA4-7BAE58DFF094}.Release|Any CPU.Build.0 = Release|Any CPU
		{1026C9A1-A5E3-4C49-B6B5-17C7A23E3F80}.Debug|Any CPU.ActiveCfg = Debug|Any CPU
		{1026C9A1-A5E3-4C49-B6B5-17C7A23E3F80}.Debug|Any CPU.Build.0 = Debug|Any CPU
		{1026C9A1-A5E3-4C49-B6B5-17C7A23E3F80}.Release|Any CPU.ActiveCfg = Release|Any CPU
		{1026C9A1-A5E3-4C49-B6B5-17C7A23E3F80}.Release|Any CPU.Build.0 = Release|Any CPU
	EndGlobalSection
	GlobalSection(SolutionProperties) = preSolution
		HideSolutionNode = FALSE
	EndGlobalSection
	GlobalSection(ExtensibilityGlobals) = postSolution
		SolutionGuid = {8EE6D463-7EC1-48A8-8312-235CDBE5A81C}
	EndGlobalSection
EndGlobal
